
Microsoft Visual Studio Solution File, Format Version 12.00
# Visual Studio 15
VisualStudioVersion = 15.0.27130.2010
MinimumVisualStudioVersion = 10.0.40219.1
Project("{8BC9CEB8-8B4A-11D0-8D11-00A0C91BC942}") = "mmLoader", "projects\mmLoader.vcxitems", "{45D41ACC-2C3C-43D2-BC10-02AA73FFC7C7}"
EndProject
Project("{8BC9CEB8-8B4A-11D0-8D11-00A0C91BC942}") = "mmLoader-static", "projects\mmLoader-static.vcxproj", "{4BAC5D92-9467-42CE-AECA-5BD5612EC82D}"
EndProject
Project("{2150E333-8FDC-42A3-9474-1A3956D46DE8}") = "demo", "demo", "{29EC8A1C-FD3B-4113-807C-1EE4EB0A366A}"
EndProject
Project("{8BC9CEB8-8B4A-11D0-8D11-00A0C91BC942}") = "demo-mmloader-static", "demo\demo-mmloader\demo-mmloader-static.vcxproj", "{F1E9D9CB-9BD8-45DF-B8C3-93D56C718EE5}"
EndProject
Project("{2150E333-8FDC-42A3-9474-1A3956D46DE8}") = "src", "src", "{8EBF89F1-B27C-4BCB-ADCC-4B6B97BD8A27}"
EndProject
Project("{2150E333-8FDC-42A3-9474-1A3956D46DE8}") = "build", "build", "{DBC11CD3-55A6-4F17-B581-AC1C9EAC7F4D}"
EndProject
Project("{8BC9CEB8-8B4A-11D0-8D11-00A0C91BC942}") = "mmLoader-shellcode-generator", "projects\mmLoader-shellcode-generator\mmLoader-shellcode-generator.vcxproj", "{F77E5305-41B1-4A6B-BEA2-981953C2C129}"
EndProject
Project("{8BC9CEB8-8B4A-11D0-8D11-00A0C91BC942}") = "demo-mmloader-shellcode", "demo\demo-mmloader-shellcode\demo-mmloader-shellcode.vcxproj", "{F68224B7-3965-405F-96CF-3C894DB54B2E}"
EndProject
Project("{8BC9CEB8-8B4A-11D0-8D11-00A0C91BC942}") = "demo-module", "demo\demo-module\demo-module.vcxproj", "{D51BC152-624C-4290-8272-DB5D12A171CF}"
EndProject
Project("{2150E333-8FDC-42A3-9474-1A3956D46DE8}") = "misc", "misc", "{F2F6A043-1CF1-469D-8C03-3233707A95F9}"
	ProjectSection(SolutionItems) = preProject
		RunAllDemo.bat = RunAllDemo.bat
	EndProjectSection
EndProject
Project("{2150E333-8FDC-42A3-9474-1A3956D46DE8}") = "nuget", "nuget", "{3B16DDC2-57DE-4BF9-B6D0-69B4D0DBB52D}"
	ProjectSection(SolutionItems) = preProject
		nuget\mmLoader.static.v141_xp.nuspec = nuget\mmLoader.static.v141_xp.nuspec
	EndProjectSection
EndProject
Project("{2150E333-8FDC-42A3-9474-1A3956D46DE8}") = "targets", "targets", "{B679825E-377E-4517-976E-23B9C934BA6A}"
	ProjectSection(SolutionItems) = preProject
		nuget\targets\mmLoader.static.mt.v141_xp.targets = nuget\targets\mmLoader.static.mt.v141_xp.targets
		nuget\targets\mmLoader.static.v141_xp.targets = nuget\targets\mmLoader.static.v141_xp.targets
	EndProjectSection
EndProject
Global
	GlobalSection(SharedMSBuildProjectFiles) = preSolution
		projects\mmLoader.vcxitems*{45d41acc-2c3c-43d2-bc10-02aa73ffc7c7}*SharedItemsImports = 9
		projects\mmLoader.vcxitems*{4bac5d92-9467-42ce-aeca-5bd5612ec82d}*SharedItemsImports = 4
		projects\mmLoader.vcxitems*{f77e5305-41b1-4a6b-bea2-981953c2c129}*SharedItemsImports = 4
	EndGlobalSection
	GlobalSection(SolutionConfigurationPlatforms) = preSolution
		Debug|x64 = Debug|x64
		Debug|x86 = Debug|x86
		Release|x64 = Release|x64
		Release|x86 = Release|x86
	EndGlobalSection
	GlobalSection(ProjectConfigurationPlatforms) = postSolution
		{4BAC5D92-9467-42CE-AECA-5BD5612EC82D}.Debug|x64.ActiveCfg = Debug|x64
		{4BAC5D92-9467-42CE-AECA-5BD5612EC82D}.Debug|x64.Build.0 = Debug|x64
		{4BAC5D92-9467-42CE-AECA-5BD5612EC82D}.Debug|x86.ActiveCfg = Debug|Win32
		{4BAC5D92-9467-42CE-AECA-5BD5612EC82D}.Debug|x86.Build.0 = Debug|Win32
		{4BAC5D92-9467-42CE-AECA-5BD5612EC82D}.Release|x64.ActiveCfg = Release|x64
		{4BAC5D92-9467-42CE-AECA-5BD5612EC82D}.Release|x64.Build.0 = Release|x64
		{4BAC5D92-9467-42CE-AECA-5BD5612EC82D}.Release|x86.ActiveCfg = Release|Win32
		{4BAC5D92-9467-42CE-AECA-5BD5612EC82D}.Release|x86.Build.0 = Release|Win32
		{F1E9D9CB-9BD8-45DF-B8C3-93D56C718EE5}.Debug|x64.ActiveCfg = Debug|x64
		{F1E9D9CB-9BD8-45DF-B8C3-93D56C718EE5}.Debug|x64.Build.0 = Debug|x64
		{F1E9D9CB-9BD8-45DF-B8C3-93D56C718EE5}.Debug|x86.ActiveCfg = Debug|Win32
		{F1E9D9CB-9BD8-45DF-B8C3-93D56C718EE5}.Debug|x86.Build.0 = Debug|Win32
		{F1E9D9CB-9BD8-45DF-B8C3-93D56C718EE5}.Release|x64.ActiveCfg = Release|x64
		{F1E9D9CB-9BD8-45DF-B8C3-93D56C718EE5}.Release|x64.Build.0 = Release|x64
		{F1E9D9CB-9BD8-45DF-B8C3-93D56C718EE5}.Release|x86.ActiveCfg = Release|Win32
		{F1E9D9CB-9BD8-45DF-B8C3-93D56C718EE5}.Release|x86.Build.0 = Release|Win32
		{F77E5305-41B1-4A6B-BEA2-981953C2C129}.Debug|x64.ActiveCfg = Debug|x64
		{F77E5305-41B1-4A6B-BEA2-981953C2C129}.Debug|x64.Build.0 = Debug|x64
		{F77E5305-41B1-4A6B-BEA2-981953C2C129}.Debug|x86.ActiveCfg = Debug|Win32
		{F77E5305-41B1-4A6B-BEA2-981953C2C129}.Debug|x86.Build.0 = Debug|Win32
		{F77E5305-41B1-4A6B-BEA2-981953C2C129}.Release|x64.ActiveCfg = Release|x64
		{F77E5305-41B1-4A6B-BEA2-981953C2C129}.Release|x64.Build.0 = Release|x64
		{F77E5305-41B1-4A6B-BEA2-981953C2C129}.Release|x86.ActiveCfg = Release|Win32
		{F77E5305-41B1-4A6B-BEA2-981953C2C129}.Release|x86.Build.0 = Release|Win32
		{F68224B7-3965-405F-96CF-3C894DB54B2E}.Debug|x64.ActiveCfg = Debug|x64
		{F68224B7-3965-405F-96CF-3C894DB54B2E}.Debug|x64.Build.0 = Debug|x64
		{F68224B7-3965-405F-96CF-3C894DB54B2E}.Debug|x86.ActiveCfg = Debug|Win32
		{F68224B7-3965-405F-96CF-3C894DB54B2E}.Debug|x86.Build.0 = Debug|Win32
		{F68224B7-3965-405F-96CF-3C894DB54B2E}.Release|x64.ActiveCfg = Release|x64
		{F68224B7-3965-405F-96CF-3C894DB54B2E}.Release|x64.Build.0 = Release|x64
		{F68224B7-3965-405F-96CF-3C894DB54B2E}.Release|x86.ActiveCfg = Release|Win32
		{F68224B7-3965-405F-96CF-3C894DB54B2E}.Release|x86.Build.0 = Release|Win32
		{D51BC152-624C-4290-8272-DB5D12A171CF}.Debug|x64.ActiveCfg = Debug|x64
		{D51BC152-624C-4290-8272-DB5D12A171CF}.Debug|x64.Build.0 = Debug|x64
		{D51BC152-624C-4290-8272-DB5D12A171CF}.Debug|x86.ActiveCfg = Debug|Win32
		{D51BC152-624C-4290-8272-DB5D12A171CF}.Debug|x86.Build.0 = Debug|Win32
		{D51BC152-624C-4290-8272-DB5D12A171CF}.Release|x64.ActiveCfg = Release|x64
		{D51BC152-624C-4290-8272-DB5D12A171CF}.Release|x64.Build.0 = Release|x64
		{D51BC152-624C-4290-8272-DB5D12A171CF}.Release|x86.ActiveCfg = Release|Win32
		{D51BC152-624C-4290-8272-DB5D12A171CF}.Release|x86.Build.0 = Release|Win32
	EndGlobalSection
	GlobalSection(SolutionProperties) = preSolution
		HideSolutionNode = FALSE
	EndGlobalSection
	GlobalSection(NestedProjects) = preSolution
		{45D41ACC-2C3C-43D2-BC10-02AA73FFC7C7} = {8EBF89F1-B27C-4BCB-ADCC-4B6B97BD8A27}
		{4BAC5D92-9467-42CE-AECA-5BD5612EC82D} = {DBC11CD3-55A6-4F17-B581-AC1C9EAC7F4D}
		{F1E9D9CB-9BD8-45DF-B8C3-93D56C718EE5} = {29EC8A1C-FD3B-4113-807C-1EE4EB0A366A}
		{F77E5305-41B1-4A6B-BEA2-981953C2C129} = {DBC11CD3-55A6-4F17-B581-AC1C9EAC7F4D}
		{F68224B7-3965-405F-96CF-3C894DB54B2E} = {29EC8A1C-FD3B-4113-807C-1EE4EB0A366A}
		{D51BC152-624C-4290-8272-DB5D12A171CF} = {29EC8A1C-FD3B-4113-807C-1EE4EB0A366A}
		{B679825E-377E-4517-976E-23B9C934BA6A} = {3B16DDC2-57DE-4BF9-B6D0-69B4D0DBB52D}
	EndGlobalSection
	GlobalSection(ExtensibilityGlobals) = postSolution
		SolutionGuid = {904F9740-926D-41BF-9ED0-57C9FFC321AC}
	EndGlobalSection
EndGlobal
